
Microsoft Visual Studio Solution File, Format Version 12.00
# Visual Studio Version 17
VisualStudioVersion = 17.2.32616.157
MinimumVisualStudioVersion = 10.0.40219.1
Project("{FAE04EC0-301F-11D3-BF4B-00C04F79EFBC}") = "RecaptchaBypass", "isbrute\RecaptchaBypass.csproj", "{168F21A8-158C-4A96-9E17-E2D0C70931FA}"
EndProject
Global
	GlobalSection(SolutionConfigurationPlatforms) = preSolution
		Debug|Any CPU = Debug|Any CPU
		Release|Any CPU = Release|Any CPU
	EndGlobalSection
	GlobalSection(ProjectConfigurationPlatforms) = postSolution
		{168F21A8-158C-4A96-9E17-E2D0C70931FA}.Debug|Any CPU.ActiveCfg = Debug|Any CPU
		{168F21A8-158C-4A96-9E17-E2D0C70931FA}.Debug|Any CPU.Build.0 = Debug|Any CPU
		{168F21A8-158C-4A96-9E17-E2D0C70931FA}.Release|Any CPU.ActiveCfg = Release|Any CPU
		{168F21A8-158C-4A96-9E17-E2D0C70931FA}.Release|Any CPU.Build.0 = Release|Any CPU
	EndGlobalSection
	GlobalSection(SolutionProperties) = preSolution
		HideSolutionNode = FALSE
	EndGlobalSection
	GlobalSection(ExtensibilityGlobals) = postSolution
		SolutionGuid = {E2368BBA-66EB-4287-AE09-72D12002DB28}
	EndGlobalSection
EndGlobal
